
Microsoft Visual Studio Solution File, Format Version 12.00
# Visual Studio Version 16
VisualStudioVersion = 16.0.31105.61
MinimumVisualStudioVersion = 10.0.40219.1
Project("{FAE04EC0-301F-11D3-BF4B-00C04F79EFBC}") = "NaverMovieFinderApp", "NaverMovieFinderApp\NaverMovieFinderApp.csproj", "{B2DD82C9-1DC5-454F-8755-040384BC069A}"
EndProject
Project("{FAE04EC0-301F-11D3-BF4B-00C04F79EFBC}") = "ConsoleNaverMovieFinder", "ConsoleNaverMovieFinder\ConsoleNaverMovieFinder.csproj", "{73713845-BEA0-4CCE-A9CC-91A39D08B7D9}"
EndProject
Global
	GlobalSection(SolutionConfigurationPlatforms) = preSolution
		Debug|Any CPU = Debug|Any CPU
		Release|Any CPU = Release|Any CPU
	EndGlobalSection
	GlobalSection(ProjectConfigurationPlatforms) = postSolution
		{B2DD82C9-1DC5-454F-8755-040384BC069A}.Debug|Any CPU.ActiveCfg = Debug|Any CPU
		{B2DD82C9-1DC5-454F-8755-040384BC069A}.Debug|Any CPU.Build.0 = Debug|Any CPU
		{B2DD82C9-1DC5-454F-8755-040384BC069A}.Release|Any CPU.ActiveCfg = Release|Any CPU
		{B2DD82C9-1DC5-454F-8755-040384BC069A}.Release|Any CPU.Build.0 = Release|Any CPU
		{73713845-BEA0-4CCE-A9CC-91A39D08B7D9}.Debug|Any CPU.ActiveCfg = Debug|Any CPU
		{73713845-BEA0-4CCE-A9CC-91A39D08B7D9}.Debug|Any CPU.Build.0 = Debug|Any CPU
		{73713845-BEA0-4CCE-A9CC-91A39D08B7D9}.Release|Any CPU.ActiveCfg = Release|Any CPU
		{73713845-BEA0-4CCE-A9CC-91A39D08B7D9}.Release|Any CPU.Build.0 = Release|Any CPU
	EndGlobalSection
	GlobalSection(SolutionProperties) = preSolution
		HideSolutionNode = FALSE
	EndGlobalSection
	GlobalSection(ExtensibilityGlobals) = postSolution
		SolutionGuid = {329376D9-0770-41D0-A33F-3EE9BD32C43C}
	EndGlobalSection
EndGlobal
